
Microsoft Visual Studio Solution File, Format Version 11.00
# Visual Studio 2010
Project("{FAE04EC0-301F-11D3-BF4B-00C04F79EFBC}") = "Unity.ShaderGraph.Editor", "Unity.ShaderGraph.Editor.csproj", "{8af3fc21-f241-48c2-482c-78ee63a02d8c}"
EndProject
Project("{FAE04EC0-301F-11D3-BF4B-00C04F79EFBC}") = "Assembly-CSharp-Editor", "Assembly-CSharp-Editor.csproj", "{3e389ee2-fd4c-c0ab-57e5-c117c7a4b213}"
EndProject
Project("{FAE04EC0-301F-11D3-BF4B-00C04F79EFBC}") = "Assembly-CSharp", "Assembly-CSharp.csproj", "{b5849c2c-5cd4-b8bd-3632-6727af57146a}"
EndProject
Global
	GlobalSection(SolutionConfigurationPlatforms) = preSolution
		Debug|Any CPU = Debug|Any CPU
	EndGlobalSection
	GlobalSection(ProjectConfigurationPlatforms) = postSolution
		{8af3fc21-f241-48c2-482c-78ee63a02d8c}.Debug|Any CPU.ActiveCfg = Debug|Any CPU
		{8af3fc21-f241-48c2-482c-78ee63a02d8c}.Debug|Any CPU.Build.0 = Debug|Any CPU
		{3e389ee2-fd4c-c0ab-57e5-c117c7a4b213}.Debug|Any CPU.ActiveCfg = Debug|Any CPU
		{3e389ee2-fd4c-c0ab-57e5-c117c7a4b213}.Debug|Any CPU.Build.0 = Debug|Any CPU
		{b5849c2c-5cd4-b8bd-3632-6727af57146a}.Debug|Any CPU.ActiveCfg = Debug|Any CPU
		{b5849c2c-5cd4-b8bd-3632-6727af57146a}.Debug|Any CPU.Build.0 = Debug|Any CPU
	EndGlobalSection
	GlobalSection(SolutionProperties) = preSolution
		HideSolutionNode = FALSE
	EndGlobalSection
EndGlobal
